
Microsoft Visual Studio Solution File, Format Version 12.00
# Visual Studio Version 16
VisualStudioVersion = 16.0.29728.190
MinimumVisualStudioVersion = 10.0.40219.1
Project("{FAE04EC0-301F-11D3-BF4B-00C04F79EFBC}") = "AirSeaAndSunProject", "AirSeaAndSunProject.csproj", "{217BDFAB-88C6-4466-8DBA-A27F24E0943D}"
EndProject
Global
	GlobalSection(SolutionConfigurationPlatforms) = preSolution
		Debug|Any CPU = Debug|Any CPU
		Release|Any CPU = Release|Any CPU
	EndGlobalSection
	GlobalSection(ProjectConfigurationPlatforms) = postSolution
		{217BDFAB-88C6-4466-8DBA-A27F24E0943D}.Debug|Any CPU.ActiveCfg = Debug|Any CPU
		{217BDFAB-88C6-4466-8DBA-A27F24E0943D}.Debug|Any CPU.Build.0 = Debug|Any CPU
		{217BDFAB-88C6-4466-8DBA-A27F24E0943D}.Release|Any CPU.ActiveCfg = Release|Any CPU
		{217BDFAB-88C6-4466-8DBA-A27F24E0943D}.Release|Any CPU.Build.0 = Release|Any CPU
	EndGlobalSection
	GlobalSection(SolutionProperties) = preSolution
		HideSolutionNode = FALSE
	EndGlobalSection
	GlobalSection(ExtensibilityGlobals) = postSolution
		SolutionGuid = {604299D6-908C-44BF-95E4-51CA54013F88}
	EndGlobalSection
EndGlobal
